
Microsoft Visual Studio Solution File, Format Version 12.00
# Visual Studio 15
VisualStudioVersion = 15.0.28010.2048
MinimumVisualStudioVersion = 10.0.40219.1
Project("{FAE04EC0-301F-11D3-BF4B-00C04F79EFBC}") = "27.2.19 H.W", "27.2.19 H.W\27.2.19 H.W.csproj", "{8FDF9455-FDB4-4ED4-90C6-DE68498E5D3E}"
EndProject
Global
	GlobalSection(SolutionConfigurationPlatforms) = preSolution
		Debug|Any CPU = Debug|Any CPU
		Release|Any CPU = Release|Any CPU
	EndGlobalSection
	GlobalSection(ProjectConfigurationPlatforms) = postSolution
		{8FDF9455-FDB4-4ED4-90C6-DE68498E5D3E}.Debug|Any CPU.ActiveCfg = Debug|Any CPU
		{8FDF9455-FDB4-4ED4-90C6-DE68498E5D3E}.Debug|Any CPU.Build.0 = Debug|Any CPU
		{8FDF9455-FDB4-4ED4-90C6-DE68498E5D3E}.Release|Any CPU.ActiveCfg = Release|Any CPU
		{8FDF9455-FDB4-4ED4-90C6-DE68498E5D3E}.Release|Any CPU.Build.0 = Release|Any CPU
	EndGlobalSection
	GlobalSection(SolutionProperties) = preSolution
		HideSolutionNode = FALSE
	EndGlobalSection
	GlobalSection(ExtensibilityGlobals) = postSolution
		SolutionGuid = {A9304387-17A4-4881-B1C5-0044EA4DCE4E}
	EndGlobalSection
EndGlobal
